
Microsoft Visual Studio Solution File, Format Version 12.00
# Visual Studio Version 17
VisualStudioVersion = 17.12.35527.113
MinimumVisualStudioVersion = 10.0.40219.1
Project("{FAE04EC0-301F-11D3-BF4B-00C04F79EFBC}") = "WallMod", "WallMod.csproj", "{858683C4-6202-4EBA-897F-B0175F90C3A8}"
EndProject
Project("{FAE04EC0-301F-11D3-BF4B-00C04F79EFBC}") = "WallModTest", "..\WallModTest\WallModTest.csproj", "{FA3304CD-B064-4ACD-9DCC-E53736A8143B}"
EndProject
Global
	GlobalSection(SolutionConfigurationPlatforms) = preSolution
		Debug|Any CPU = Debug|Any CPU
		Release|Any CPU = Release|Any CPU
	EndGlobalSection
	GlobalSection(ProjectConfigurationPlatforms) = postSolution
		{858683C4-6202-4EBA-897F-B0175F90C3A8}.Debug|Any CPU.ActiveCfg = Debug|Any CPU
		{858683C4-6202-4EBA-897F-B0175F90C3A8}.Debug|Any CPU.Build.0 = Debug|Any CPU
		{858683C4-6202-4EBA-897F-B0175F90C3A8}.Release|Any CPU.ActiveCfg = Release|Any CPU
		{858683C4-6202-4EBA-897F-B0175F90C3A8}.Release|Any CPU.Build.0 = Release|Any CPU
		{FA3304CD-B064-4ACD-9DCC-E53736A8143B}.Debug|Any CPU.ActiveCfg = Debug|Any CPU
		{FA3304CD-B064-4ACD-9DCC-E53736A8143B}.Debug|Any CPU.Build.0 = Debug|Any CPU
		{FA3304CD-B064-4ACD-9DCC-E53736A8143B}.Release|Any CPU.ActiveCfg = Release|Any CPU
		{FA3304CD-B064-4ACD-9DCC-E53736A8143B}.Release|Any CPU.Build.0 = Release|Any CPU
	EndGlobalSection
	GlobalSection(SolutionProperties) = preSolution
		HideSolutionNode = FALSE
	EndGlobalSection
	GlobalSection(ExtensibilityGlobals) = postSolution
		SolutionGuid = {301EC732-C415-4F90-A27E-4963A3DE87C2}
	EndGlobalSection
EndGlobal
